
Microsoft Visual Studio Solution File, Format Version 12.00
Project("{FAE04EC0-301F-11D3-BF4B-00C04F79EFBC}") = "test2_s31642", "test2_s31642\test2_s31642.csproj", "{27DD956B-7C21-4C9A-857C-0360E0DC8D3F}"
EndProject
Global
	GlobalSection(SolutionConfigurationPlatforms) = preSolution
		Debug|Any CPU = Debug|Any CPU
		Release|Any CPU = Release|Any CPU
	EndGlobalSection
	GlobalSection(ProjectConfigurationPlatforms) = postSolution
		{27DD956B-7C21-4C9A-857C-0360E0DC8D3F}.Debug|Any CPU.ActiveCfg = Debug|Any CPU
		{27DD956B-7C21-4C9A-857C-0360E0DC8D3F}.Debug|Any CPU.Build.0 = Debug|Any CPU
		{27DD956B-7C21-4C9A-857C-0360E0DC8D3F}.Release|Any CPU.ActiveCfg = Release|Any CPU
		{27DD956B-7C21-4C9A-857C-0360E0DC8D3F}.Release|Any CPU.Build.0 = Release|Any CPU
	EndGlobalSection
EndGlobal
